Microsoft Visual Studio Solution File, Format Version 12.00
# Visual Studio 2012
Project("{FAE04EC0-301F-11D3-BF4B-00C04F79EFBC}") = "Arcane Secret", "Arcane Secret.csproj", "{EE1BF1B4-1AF0-4E1B-AFF5-2C09B1CD4501}"
EndProject
Global
	GlobalSection(SolutionConfigurationPlatforms) = preSolution
	Debug|Any CPU = Debug|Any CPU
	Release|Any CPU = Release|Any CPU
	Tools|Any CPU = Tools|Any CPU
	EndGlobalSection
	GlobalSection(ProjectConfigurationPlatforms) = postSolution
		{EE1BF1B4-1AF0-4E1B-AFF5-2C09B1CD4501}.Debug|Any CPU.ActiveCfg = Debug|Any CPU
		{EE1BF1B4-1AF0-4E1B-AFF5-2C09B1CD4501}.Debug|Any CPU.Build.0 = Debug|Any CPU
		{EE1BF1B4-1AF0-4E1B-AFF5-2C09B1CD4501}.Release|Any CPU.ActiveCfg = Release|Any CPU
		{EE1BF1B4-1AF0-4E1B-AFF5-2C09B1CD4501}.Release|Any CPU.Build.0 = Release|Any CPU
		{EE1BF1B4-1AF0-4E1B-AFF5-2C09B1CD4501}.Tools|Any CPU.ActiveCfg = Tools|Any CPU
		{EE1BF1B4-1AF0-4E1B-AFF5-2C09B1CD4501}.Tools|Any CPU.Build.0 = Tools|Any CPU
	EndGlobalSection
EndGlobal
